
Microsoft Visual Studio Solution File, Format Version 12.00
# Visual Studio 15
VisualStudioVersion = 15.0.26124.0
MinimumVisualStudioVersion = 15.0.26124.0
Project("{FAE04EC0-301F-11D3-BF4B-00C04F79EFBC}") = "Paylocity.Api", "Paylocity.Api\Paylocity.Api.csproj", "{DFABB78E-99CE-4C30-AD34-A082A7B9595D}"
EndProject
Project("{FAE04EC0-301F-11D3-BF4B-00C04F79EFBC}") = "Paylocity.Api.Tests", "Paylocity.Api.Tests\Paylocity.Api.Tests.csproj", "{50DC91D3-0947-4AEF-9BFD-30DB43FD3B58}"
EndProject
Global
	GlobalSection(SolutionConfigurationPlatforms) = preSolution
		Debug|Any CPU = Debug|Any CPU
		Debug|x64 = Debug|x64
		Debug|x86 = Debug|x86
		Release|Any CPU = Release|Any CPU
		Release|x64 = Release|x64
		Release|x86 = Release|x86
	EndGlobalSection
	GlobalSection(SolutionProperties) = preSolution
		HideSolutionNode = FALSE
	EndGlobalSection
	GlobalSection(ProjectConfigurationPlatforms) = postSolution
		{DFABB78E-99CE-4C30-AD34-A082A7B9595D}.Debug|Any CPU.ActiveCfg = Debug|Any CPU
		{DFABB78E-99CE-4C30-AD34-A082A7B9595D}.Debug|Any CPU.Build.0 = Debug|Any CPU
		{DFABB78E-99CE-4C30-AD34-A082A7B9595D}.Debug|x64.ActiveCfg = Debug|Any CPU
		{DFABB78E-99CE-4C30-AD34-A082A7B9595D}.Debug|x64.Build.0 = Debug|Any CPU
		{DFABB78E-99CE-4C30-AD34-A082A7B9595D}.Debug|x86.ActiveCfg = Debug|Any CPU
		{DFABB78E-99CE-4C30-AD34-A082A7B9595D}.Debug|x86.Build.0 = Debug|Any CPU
		{DFABB78E-99CE-4C30-AD34-A082A7B9595D}.Release|Any CPU.ActiveCfg = Release|Any CPU
		{DFABB78E-99CE-4C30-AD34-A082A7B9595D}.Release|Any CPU.Build.0 = Release|Any CPU
		{DFABB78E-99CE-4C30-AD34-A082A7B9595D}.Release|x64.ActiveCfg = Release|Any CPU
		{DFABB78E-99CE-4C30-AD34-A082A7B9595D}.Release|x64.Build.0 = Release|Any CPU
		{DFABB78E-99CE-4C30-AD34-A082A7B9595D}.Release|x86.ActiveCfg = Release|Any CPU
		{DFABB78E-99CE-4C30-AD34-A082A7B9595D}.Release|x86.Build.0 = Release|Any CPU
		{50DC91D3-0947-4AEF-9BFD-30DB43FD3B58}.Debug|Any CPU.ActiveCfg = Debug|Any CPU
		{50DC91D3-0947-4AEF-9BFD-30DB43FD3B58}.Debug|Any CPU.Build.0 = Debug|Any CPU
		{50DC91D3-0947-4AEF-9BFD-30DB43FD3B58}.Debug|x64.ActiveCfg = Debug|Any CPU
		{50DC91D3-0947-4AEF-9BFD-30DB43FD3B58}.Debug|x64.Build.0 = Debug|Any CPU
		{50DC91D3-0947-4AEF-9BFD-30DB43FD3B58}.Debug|x86.ActiveCfg = Debug|Any CPU
		{50DC91D3-0947-4AEF-9BFD-30DB43FD3B58}.Debug|x86.Build.0 = Debug|Any CPU
		{50DC91D3-0947-4AEF-9BFD-30DB43FD3B58}.Release|Any CPU.ActiveCfg = Release|Any CPU
		{50DC91D3-0947-4AEF-9BFD-30DB43FD3B58}.Release|Any CPU.Build.0 = Release|Any CPU
		{50DC91D3-0947-4AEF-9BFD-30DB43FD3B58}.Release|x64.ActiveCfg = Release|Any CPU
		{50DC91D3-0947-4AEF-9BFD-30DB43FD3B58}.Release|x64.Build.0 = Release|Any CPU
		{50DC91D3-0947-4AEF-9BFD-30DB43FD3B58}.Release|x86.ActiveCfg = Release|Any CPU
		{50DC91D3-0947-4AEF-9BFD-30DB43FD3B58}.Release|x86.Build.0 = Release|Any CPU
	EndGlobalSection
EndGlobal
